
Microsoft Visual Studio Solution File, Format Version 12.00
# Visual Studio Version 17
VisualStudioVersion = 17.2.32526.322
MinimumVisualStudioVersion = 10.0.40219.1
Project("{9A19103F-16F7-4668-BE54-9A1E7A4F7556}") = "MovieStoreApp", "MovieStoreApp\MovieStoreApp.csproj", "{8A385FF1-ACD3-4F28-80BA-B1464959BE56}"
EndProject
Project("{9A19103F-16F7-4668-BE54-9A1E7A4F7556}") = "RazorPageKurs", "RazorPagesKurs\RazorPageKurs\RazorPageKurs.csproj", "{109F50C2-4C81-447F-9C92-CF5F8579424B}"
EndProject
Global
	GlobalSection(SolutionConfigurationPlatforms) = preSolution
		Debug|Any CPU = Debug|Any CPU
		Release|Any CPU = Release|Any CPU
	EndGlobalSection
	GlobalSection(ProjectConfigurationPlatforms) = postSolution
		{8A385FF1-ACD3-4F28-80BA-B1464959BE56}.Debug|Any CPU.ActiveCfg = Debug|Any CPU
		{8A385FF1-ACD3-4F28-80BA-B1464959BE56}.Debug|Any CPU.Build.0 = Debug|Any CPU
		{8A385FF1-ACD3-4F28-80BA-B1464959BE56}.Release|Any CPU.ActiveCfg = Release|Any CPU
		{8A385FF1-ACD3-4F28-80BA-B1464959BE56}.Release|Any CPU.Build.0 = Release|Any CPU
		{109F50C2-4C81-447F-9C92-CF5F8579424B}.Debug|Any CPU.ActiveCfg = Debug|Any CPU
		{109F50C2-4C81-447F-9C92-CF5F8579424B}.Debug|Any CPU.Build.0 = Debug|Any CPU
		{109F50C2-4C81-447F-9C92-CF5F8579424B}.Release|Any CPU.ActiveCfg = Release|Any CPU
		{109F50C2-4C81-447F-9C92-CF5F8579424B}.Release|Any CPU.Build.0 = Release|Any CPU
	EndGlobalSection
	GlobalSection(SolutionProperties) = preSolution
		HideSolutionNode = FALSE
	EndGlobalSection
	GlobalSection(ExtensibilityGlobals) = postSolution
		SolutionGuid = {5429BC9E-7E5C-4D6D-85C9-991E1933FD34}
	EndGlobalSection
EndGlobal
