
Microsoft Visual Studio Solution File, Format Version 12.00
# Visual Studio Version 17
VisualStudioVersion = 17.2.32526.322
MinimumVisualStudioVersion = 10.0.40219.1
Project("{FAE04EC0-301F-11D3-BF4B-00C04F79EFBC}") = "MovieStoreApp", "MovieStoreApp\MovieStoreApp.csproj", "{8A385FF1-ACD3-4F28-80BA-B1464959BE56}"
EndProject
Global
	GlobalSection(SolutionConfigurationPlatforms) = preSolution
		Debug|Any CPU = Debug|Any CPU
		Release|Any CPU = Release|Any CPU
	EndGlobalSection
	GlobalSection(ProjectConfigurationPlatforms) = postSolution
		{8A385FF1-ACD3-4F28-80BA-B1464959BE56}.Debug|Any CPU.ActiveCfg = Debug|Any CPU
		{8A385FF1-ACD3-4F28-80BA-B1464959BE56}.Debug|Any CPU.Build.0 = Debug|Any CPU
		{8A385FF1-ACD3-4F28-80BA-B1464959BE56}.Release|Any CPU.ActiveCfg = Release|Any CPU
		{8A385FF1-ACD3-4F28-80BA-B1464959BE56}.Release|Any CPU.Build.0 = Release|Any CPU
	EndGlobalSection
	GlobalSection(SolutionProperties) = preSolution
		HideSolutionNode = FALSE
	EndGlobalSection
	GlobalSection(ExtensibilityGlobals) = postSolution
		SolutionGuid = {5429BC9E-7E5C-4D6D-85C9-991E1933FD34}
	EndGlobalSection
EndGlobal
